// !$*UTF8*$!
{
	archiveVersion = 1;
	classes = {
	};
	objectVersion = 50;
	objects = {

/* Begin PBXBuildFile section */
		55064610216A97BD00EB961B /* RecivedMessagesCell.swift in Sources */ = {isa = PBXBuildFile; fileRef = 5506460E216A97BD00EB961B /* RecivedMessagesCell.swift */; };
		55064611216A97BD00EB961B /* RecivedMessagesCell.xib in Resources */ = {isa = PBXBuildFile; fileRef = 5506460F216A97BD00EB961B /* RecivedMessagesCell.xib */; };
		550995872157955600D377E5 /* AppDelegate.swift in Sources */ = {isa = PBXBuildFile; fileRef = 550995862157955600D377E5 /* AppDelegate.swift */; };
		5509958C2157955600D377E5 /* Main.storyboard in Resources */ = {isa = PBXBuildFile; fileRef = 5509958A2157955600D377E5 /* Main.storyboard */; };
		5509958E2157955700D377E5 /* Assets.xcassets in Resources */ = {isa = PBXBuildFile; fileRef = 5509958D2157955700D377E5 /* Assets.xcassets */; };
		550995912157955700D377E5 /* LaunchScreen.storyboard in Resources */ = {isa = PBXBuildFile; fileRef = 5509958F2157955700D377E5 /* LaunchScreen.storyboard */; };
		550995992157A18600D377E5 /* Constants.swift in Sources */ = {isa = PBXBuildFile; fileRef = 550995982157A18600D377E5 /* Constants.swift */; };
		552810A2216529ED001A304A /* ConversationListViewController.swift in Sources */ = {isa = PBXBuildFile; fileRef = 552810A0216529ED001A304A /* ConversationListViewController.swift */; };
		552810A521652A4E001A304A /* ConversationListViewController.storyboard in Resources */ = {isa = PBXBuildFile; fileRef = 552810A421652A4E001A304A /* ConversationListViewController.storyboard */; };
		552810A921652B77001A304A /* ConversationsListCell.swift in Sources */ = {isa = PBXBuildFile; fileRef = 552810A721652B77001A304A /* ConversationsListCell.swift */; };
		552810AA21652B77001A304A /* ConversationsListCell.xib in Resources */ = {isa = PBXBuildFile; fileRef = 552810A821652B77001A304A /* ConversationsListCell.xib */; };
		558252542160224800AA3FD0 /* ProfileViewController.swift in Sources */ = {isa = PBXBuildFile; fileRef = 558252532160224800AA3FD0 /* ProfileViewController.swift */; };
		55A6D223217CDDCA00B9A135 /* SaveViaGCD.swift in Sources */ = {isa = PBXBuildFile; fileRef = 55A6D222217CDDCA00B9A135 /* SaveViaGCD.swift */; };
		55A6D225217CDE0E00B9A135 /* FileManager.swift in Sources */ = {isa = PBXBuildFile; fileRef = 55A6D224217CDE0E00B9A135 /* FileManager.swift */; };
		55A6D230217CF00500B9A135 /* SaveViaOperations.swift in Sources */ = {isa = PBXBuildFile; fileRef = 55A6D22F217CF00500B9A135 /* SaveViaOperations.swift */; };
		55A6D233217CF19600B9A135 /* ImageSavingOperation.swift in Sources */ = {isa = PBXBuildFile; fileRef = 55A6D232217CF19600B9A135 /* ImageSavingOperation.swift */; };
		55A6D235217CF1B600B9A135 /* DiscriptionSavingOperation.swift in Sources */ = {isa = PBXBuildFile; fileRef = 55A6D234217CF1B600B9A135 /* DiscriptionSavingOperation.swift */; };
		55A6D237217CF21D00B9A135 /* UserNameSavingOperation.swift in Sources */ = {isa = PBXBuildFile; fileRef = 55A6D236217CF21D00B9A135 /* UserNameSavingOperation.swift */; };
		55E23626216A30230040E4DB /* ConversationCellConfiguration.swift in Sources */ = {isa = PBXBuildFile; fileRef = 55E23625216A30230040E4DB /* ConversationCellConfiguration.swift */; };
		55E2362A216A387B0040E4DB /* Message.swift in Sources */ = {isa = PBXBuildFile; fileRef = 55E23629216A387B0040E4DB /* Message.swift */; };
		55E2362C216A38CE0040E4DB /* Contact.swift in Sources */ = {isa = PBXBuildFile; fileRef = 55E2362B216A38CE0040E4DB /* Contact.swift */; };
		55E23637216A7D4B0040E4DB /* ConversationViewController.swift in Sources */ = {isa = PBXBuildFile; fileRef = 55E23635216A7D4B0040E4DB /* ConversationViewController.swift */; };
		55E23638216A7D4B0040E4DB /* ConversationViewController.xib in Resources */ = {isa = PBXBuildFile; fileRef = 55E23636216A7D4B0040E4DB /* ConversationViewController.xib */; };
		55E2363F216A7FA80040E4DB /* SentMessageCell.swift in Sources */ = {isa = PBXBuildFile; fileRef = 55E2363D216A7FA70040E4DB /* SentMessageCell.swift */; };
		55E23640216A7FA80040E4DB /* SentMessageCell.xib in Resources */ = {isa = PBXBuildFile; fileRef = 55E2363E216A7FA80040E4DB /* SentMessageCell.xib */; };
		55E23642216A85770040E4DB /* MessageCellConfiguration.swift in Sources */ = {isa = PBXBuildFile; fileRef = 55E23641216A85770040E4DB /* MessageCellConfiguration.swift */; };
/* End PBXBuildFile section */

/* Begin PBXFileReference section */
		5506460E216A97BD00EB961B /* RecivedMessagesCell.swift */ = {isa = PBXFileReference; lastKnownFileType = sourcecode.swift; path = RecivedMessagesCell.swift; sourceTree = "<group>"; };
		5506460F216A97BD00EB961B /* RecivedMessagesCell.xib */ = {isa = PBXFileReference; lastKnownFileType = file.xib; path = RecivedMessagesCell.xib; sourceTree = "<group>"; };
		550995832157955600D377E5 /* Chat.app */ = {isa = PBXFileReference; explicitFileType = wrapper.application; includeInIndex = 0; path = Chat.app; sourceTree = BUILT_PRODUCTS_DIR; };
		550995862157955600D377E5 /* AppDelegate.swift */ = {isa = PBXFileReference; lastKnownFileType = sourcecode.swift; path = AppDelegate.swift; sourceTree = "<group>"; };
		5509958B2157955600D377E5 /* Base */ = {isa = PBXFileReference; lastKnownFileType = file.storyboard; name = Base; path = Base.lproj/Main.storyboard; sourceTree = "<group>"; };
		5509958D2157955700D377E5 /* Assets.xcassets */ = {isa = PBXFileReference; lastKnownFileType = folder.assetcatalog; path = Assets.xcassets; sourceTree = "<group>"; };
		550995902157955700D377E5 /* Base */ = {isa = PBXFileReference; lastKnownFileType = file.storyboard; name = Base; path = Base.lproj/LaunchScreen.storyboard; sourceTree = "<group>"; };
		550995922157955700D377E5 /* Info.plist */ = {isa = PBXFileReference; lastKnownFileType = text.plist.xml; path = Info.plist; sourceTree = "<group>"; };
		550995982157A18600D377E5 /* Constants.swift */ = {isa = PBXFileReference; lastKnownFileType = sourcecode.swift; path = Constants.swift; sourceTree = "<group>"; };
		551858CF2173AC000075AC1F /* ChatPlayground.playground */ = {isa = PBXFileReference; lastKnownFileType = file.playground; path = ChatPlayground.playground; sourceTree = SOURCE_ROOT; };
		552810A0216529ED001A304A /* ConversationListViewController.swift */ = {isa = PBXFileReference; lastKnownFileType = sourcecode.swift; path = ConversationListViewController.swift; sourceTree = "<group>"; };
		552810A421652A4E001A304A /* ConversationListViewController.storyboard */ = {isa = PBXFileReference; lastKnownFileType = file.storyboard; path = ConversationListViewController.storyboard; sourceTree = "<group>"; };
		552810A721652B77001A304A /* ConversationsListCell.swift */ = {isa = PBXFileReference; lastKnownFileType = sourcecode.swift; path = ConversationsListCell.swift; sourceTree = "<group>"; };
		552810A821652B77001A304A /* ConversationsListCell.xib */ = {isa = PBXFileReference; lastKnownFileType = file.xib; path = ConversationsListCell.xib; sourceTree = "<group>"; };
		558252532160224800AA3FD0 /* ProfileViewController.swift */ = {isa = PBXFileReference; lastKnownFileType = sourcecode.swift; path = ProfileViewController.swift; sourceTree = "<group>"; };
		55A6D222217CDDCA00B9A135 /* SaveViaGCD.swift */ = {isa = PBXFileReference; lastKnownFileType = sourcecode.swift; path = SaveViaGCD.swift; sourceTree = "<group>"; };
		55A6D224217CDE0E00B9A135 /* FileManager.swift */ = {isa = PBXFileReference; lastKnownFileType = sourcecode.swift; path = FileManager.swift; sourceTree = "<group>"; };
		55A6D22F217CF00500B9A135 /* SaveViaOperations.swift */ = {isa = PBXFileReference; lastKnownFileType = sourcecode.swift; path = SaveViaOperations.swift; sourceTree = "<group>"; };
		55A6D232217CF19600B9A135 /* ImageSavingOperation.swift */ = {isa = PBXFileReference; lastKnownFileType = sourcecode.swift; path = ImageSavingOperation.swift; sourceTree = "<group>"; };
		55A6D234217CF1B600B9A135 /* DiscriptionSavingOperation.swift */ = {isa = PBXFileReference; lastKnownFileType = sourcecode.swift; path = DiscriptionSavingOperation.swift; sourceTree = "<group>"; };
		55A6D236217CF21D00B9A135 /* UserNameSavingOperation.swift */ = {isa = PBXFileReference; lastKnownFileType = sourcecode.swift; path = UserNameSavingOperation.swift; sourceTree = "<group>"; };
		55E23625216A30230040E4DB /* ConversationCellConfiguration.swift */ = {isa = PBXFileReference; lastKnownFileType = sourcecode.swift; path = ConversationCellConfiguration.swift; sourceTree = "<group>"; };
		55E23629216A387B0040E4DB /* Message.swift */ = {isa = PBXFileReference; lastKnownFileType = sourcecode.swift; path = Message.swift; sourceTree = "<group>"; };
		55E2362B216A38CE0040E4DB /* Contact.swift */ = {isa = PBXFileReference; lastKnownFileType = sourcecode.swift; path = Contact.swift; sourceTree = "<group>"; };
		55E23635216A7D4B0040E4DB /* ConversationViewController.swift */ = {isa = PBXFileReference; lastKnownFileType = sourcecode.swift; path = ConversationViewController.swift; sourceTree = "<group>"; };
		55E23636216A7D4B0040E4DB /* ConversationViewController.xib */ = {isa = PBXFileReference; lastKnownFileType = file.xib; path = ConversationViewController.xib; sourceTree = "<group>"; };
		55E2363D216A7FA70040E4DB /* SentMessageCell.swift */ = {isa = PBXFileReference; lastKnownFileType = sourcecode.swift; path = SentMessageCell.swift; sourceTree = "<group>"; };
		55E2363E216A7FA80040E4DB /* SentMessageCell.xib */ = {isa = PBXFileReference; lastKnownFileType = file.xib; path = SentMessageCell.xib; sourceTree = "<group>"; };
		55E23641216A85770040E4DB /* MessageCellConfiguration.swift */ = {isa = PBXFileReference; lastKnownFileType = sourcecode.swift; path = MessageCellConfiguration.swift; sourceTree = "<group>"; };
/* End PBXFileReference section */

/* Begin PBXFrameworksBuildPhase section */
		550995802157955600D377E5 /* Frameworks */ = {
			isa = PBXFrameworksBuildPhase;
			buildActionMask = 2147483647;
			files = (
			);
			runOnlyForDeploymentPostprocessing = 0;
		};
/* End PBXFrameworksBuildPhase section */

/* Begin PBXGroup section */
		5509957A2157955600D377E5 = {
			isa = PBXGroup;
			children = (
				550995852157955600D377E5 /* Chat */,
				550995842157955600D377E5 /* Products */,
			);
			sourceTree = "<group>";
		};
		550995842157955600D377E5 /* Products */ = {
			isa = PBXGroup;
			children = (
				550995832157955600D377E5 /* Chat.app */,
			);
			name = Products;
			sourceTree = "<group>";
		};
		550995852157955600D377E5 /* Chat */ = {
			isa = PBXGroup;
			children = (
				550995862157955600D377E5 /* AppDelegate.swift */,
				551858CF2173AC000075AC1F /* ChatPlayground.playground */,
				558252552161079300AA3FD0 /* Supporting files */,
				550995982157A18600D377E5 /* Constants.swift */,
				552810A621652AB4001A304A /* ConversationList */,
			);
			path = Chat;
			sourceTree = "<group>";
		};
		552810A621652AB4001A304A /* ConversationList */ = {
			isa = PBXGroup;
			children = (
				55E2362D216A40260040E4DB /* ConversationListCell */,
				552810A421652A4E001A304A /* ConversationListViewController.storyboard */,
				55E23630216A7B0D0040E4DB /* ConversationViewController */,
				552810A0216529ED001A304A /* ConversationListViewController.swift */,
				55E23629216A387B0040E4DB /* Message.swift */,
				55E2362B216A38CE0040E4DB /* Contact.swift */,
				55A6D21C217B520A00B9A135 /* UserProfile */,
			);
			name = ConversationList;
			sourceTree = "<group>";
		};
		558252552161079300AA3FD0 /* Supporting files */ = {
			isa = PBXGroup;
			children = (
				5509958D2157955700D377E5 /* Assets.xcassets */,
				5509958F2157955700D377E5 /* LaunchScreen.storyboard */,
				550995922157955700D377E5 /* Info.plist */,
			);
			name = "Supporting files";
			sourceTree = "<group>";
		};
		55A6D21C217B520A00B9A135 /* UserProfile */ = {
			isa = PBXGroup;
			children = (
				55A6D221217CDDAE00B9A135 /* Saving Profile Options */,
				5509958A2157955600D377E5 /* Main.storyboard */,
				558252532160224800AA3FD0 /* ProfileViewController.swift */,
			);
			path = UserProfile;
			sourceTree = "<group>";
		};
		55A6D221217CDDAE00B9A135 /* Saving Profile Options */ = {
			isa = PBXGroup;
			children = (
				55A6D222217CDDCA00B9A135 /* SaveViaGCD.swift */,
				55A6D231217CF18400B9A135 /* Operations */,
				55A6D224217CDE0E00B9A135 /* FileManager.swift */,
			);
			path = "Saving Profile Options";
			sourceTree = "<group>";
		};
		55A6D231217CF18400B9A135 /* Operations */ = {
			isa = PBXGroup;
			children = (
				55A6D22F217CF00500B9A135 /* SaveViaOperations.swift */,
				55A6D232217CF19600B9A135 /* ImageSavingOperation.swift */,
				55A6D234217CF1B600B9A135 /* DiscriptionSavingOperation.swift */,
				55A6D236217CF21D00B9A135 /* UserNameSavingOperation.swift */,
			);
			path = Operations;
			sourceTree = "<group>";
		};
		55E2362D216A40260040E4DB /* ConversationListCell */ = {
			isa = PBXGroup;
			children = (
				552810A721652B77001A304A /* ConversationsListCell.swift */,
				552810A821652B77001A304A /* ConversationsListCell.xib */,
				55E23625216A30230040E4DB /* ConversationCellConfiguration.swift */,
			);
			name = ConversationListCell;
			sourceTree = "<group>";
		};
		55E23630216A7B0D0040E4DB /* ConversationViewController */ = {
			isa = PBXGroup;
			children = (
				55E23635216A7D4B0040E4DB /* ConversationViewController.swift */,
				5506460E216A97BD00EB961B /* RecivedMessagesCell.swift */,
				5506460F216A97BD00EB961B /* RecivedMessagesCell.xib */,
				55E23636216A7D4B0040E4DB /* ConversationViewController.xib */,
				55E2363D216A7FA70040E4DB /* SentMessageCell.swift */,
				55E2363E216A7FA80040E4DB /* SentMessageCell.xib */,
				55E23641216A85770040E4DB /* MessageCellConfiguration.swift */,
			);
			path = ConversationViewController;
			sourceTree = "<group>";
		};
/* End PBXGroup section */

/* Begin PBXNativeTarget section */
		550995822157955600D377E5 /* Chat */ = {
			isa = PBXNativeTarget;
			buildConfigurationList = 550995952157955700D377E5 /* Build configuration list for PBXNativeTarget "Chat" */;
			buildPhases = (
				5509957F2157955600D377E5 /* Sources */,
				550995802157955600D377E5 /* Frameworks */,
				550995812157955600D377E5 /* Resources */,
			);
			buildRules = (
			);
			dependencies = (
			);
			name = Chat;
			productName = Chat;
			productReference = 550995832157955600D377E5 /* Chat.app */;
			productType = "com.apple.product-type.application";
		};
/* End PBXNativeTarget section */

/* Begin PBXProject section */
		5509957B2157955600D377E5 /* Project object */ = {
			isa = PBXProject;
			attributes = {
				LastSwiftUpdateCheck = 0940;
				LastUpgradeCheck = 0940;
				ORGANIZATIONNAME = "Peter the Great St.Petersburg Polytechnic University";
				TargetAttributes = {
					550995822157955600D377E5 = {
						CreatedOnToolsVersion = 9.4.1;
					};
				};
			};
			buildConfigurationList = 5509957E2157955600D377E5 /* Build configuration list for PBXProject "Chat" */;
			compatibilityVersion = "Xcode 9.3";
			developmentRegion = en;
			hasScannedForEncodings = 0;
			knownRegions = (
				en,
				Base,
			);
			mainGroup = 5509957A2157955600D377E5;
			productRefGroup = 550995842157955600D377E5 /* Products */;
			projectDirPath = "";
			projectRoot = "";
			targets = (
				550995822157955600D377E5 /* Chat */,
			);
		};
/* End PBXProject section */

/* Begin PBXResourcesBuildPhase section */
		550995812157955600D377E5 /* Resources */ = {
			isa = PBXResourcesBuildPhase;
			buildActionMask = 2147483647;
			files = (
				550995912157955700D377E5 /* LaunchScreen.storyboard in Resources */,
				5509958E2157955700D377E5 /* Assets.xcassets in Resources */,
				55064611216A97BD00EB961B /* RecivedMessagesCell.xib in Resources */,
				552810AA21652B77001A304A /* ConversationsListCell.xib in Resources */,
				55E23638216A7D4B0040E4DB /* ConversationViewController.xib in Resources */,
				55E23640216A7FA80040E4DB /* SentMessageCell.xib in Resources */,
				552810A521652A4E001A304A /* ConversationListViewController.storyboard in Resources */,
				5509958C2157955600D377E5 /* Main.storyboard in Resources */,
			);
			runOnlyForDeploymentPostprocessing = 0;
		};
/* End PBXResourcesBuildPhase section */

/* Begin PBXSourcesBuildPhase section */
		5509957F2157955600D377E5 /* Sources */ = {
			isa = PBXSourcesBuildPhase;
			buildActionMask = 2147483647;
			files = (
				552810A921652B77001A304A /* ConversationsListCell.swift in Sources */,
				55A6D233217CF19600B9A135 /* ImageSavingOperation.swift in Sources */,
				55064610216A97BD00EB961B /* RecivedMessagesCell.swift in Sources */,
				55E2363F216A7FA80040E4DB /* SentMessageCell.swift in Sources */,
				55A6D225217CDE0E00B9A135 /* FileManager.swift in Sources */,
				55E23626216A30230040E4DB /* ConversationCellConfiguration.swift in Sources */,
				55E23637216A7D4B0040E4DB /* ConversationViewController.swift in Sources */,
				55A6D237217CF21D00B9A135 /* UserNameSavingOperation.swift in Sources */,
				550995872157955600D377E5 /* AppDelegate.swift in Sources */,
				552810A2216529ED001A304A /* ConversationListViewController.swift in Sources */,
				55A6D223217CDDCA00B9A135 /* SaveViaGCD.swift in Sources */,
				55E23642216A85770040E4DB /* MessageCellConfiguration.swift in Sources */,
				55A6D235217CF1B600B9A135 /* DiscriptionSavingOperation.swift in Sources */,
				558252542160224800AA3FD0 /* ProfileViewController.swift in Sources */,
				55E2362A216A387B0040E4DB /* Message.swift in Sources */,
				55A6D230217CF00500B9A135 /* SaveViaOperations.swift in Sources */,
				550995992157A18600D377E5 /* Constants.swift in Sources */,
				55E2362C216A38CE0040E4DB /* Contact.swift in Sources */,
			);
			runOnlyForDeploymentPostprocessing = 0;
		};
/* End PBXSourcesBuildPhase section */

/* Begin PBXVariantGroup section */
		5509958A2157955600D377E5 /* Main.storyboard */ = {
			isa = PBXVariantGroup;
			children = (
				5509958B2157955600D377E5 /* Base */,
			);
			name = Main.storyboard;
			sourceTree = "<group>";
		};
		5509958F2157955700D377E5 /* LaunchScreen.storyboard */ = {
			isa = PBXVariantGroup;
			children = (
				550995902157955700D377E5 /* Base */,
			);
			name = LaunchScreen.storyboard;
			sourceTree = "<group>";
		};
/* End PBXVariantGroup section */

/* Begin XCBuildConfiguration section */
		550995932157955700D377E5 /* Debug */ = {
			isa = XCBuildConfiguration;
			buildSettings = {
				ALWAYS_SEARCH_USER_PATHS = NO;
				CLANG_ANALYZER_NONNULL = YES;
				CLANG_ANALYZER_NUMBER_OBJECT_CONVERSION = YES_AGGRESSIVE;
				CLANG_CXX_LANGUAGE_STANDARD = "gnu++14";
				CLANG_CXX_LIBRARY = "libc++";
				CLANG_ENABLE_MODULES = YES;
				CLANG_ENABLE_OBJC_ARC = YES;
				CLANG_ENABLE_OBJC_WEAK = YES;
				CLANG_WARN_BLOCK_CAPTURE_AUTORELEASING = YES;
				CLANG_WARN_BOOL_CONVERSION = YES;
				CLANG_WARN_COMMA = YES;
				CLANG_WARN_CONSTANT_CONVERSION = YES;
				CLANG_WARN_DEPRECATED_OBJC_IMPLEMENTATIONS = YES;
				CLANG_WARN_DIRECT_OBJC_ISA_USAGE = YES_ERROR;
				CLANG_WARN_DOCUMENTATION_COMMENTS = YES;
				CLANG_WARN_EMPTY_BODY = YES;
				CLANG_WARN_ENUM_CONVERSION = YES;
				CLANG_WARN_INFINITE_RECURSION = YES;
				CLANG_WARN_INT_CONVERSION = YES;
				CLANG_WARN_NON_LITERAL_NULL_CONVERSION = YES;
				CLANG_WARN_OBJC_IMPLICIT_RETAIN_SELF = YES;
				CLANG_WARN_OBJC_LITERAL_CONVERSION = YES;
				CLANG_WARN_OBJC_ROOT_CLASS = YES_ERROR;
				CLANG_WARN_RANGE_LOOP_ANALYSIS = YES;
				CLANG_WARN_STRICT_PROTOTYPES = YES;
				CLANG_WARN_SUSPICIOUS_MOVE = YES;
				CLANG_WARN_UNGUARDED_AVAILABILITY = YES_AGGRESSIVE;
				CLANG_WARN_UNREACHABLE_CODE = YES;
				CLANG_WARN__DUPLICATE_METHOD_MATCH = YES;
				CODE_SIGN_IDENTITY = "iPhone Developer";
				COPY_PHASE_STRIP = NO;
				DEBUG_INFORMATION_FORMAT = dwarf;
				ENABLE_STRICT_OBJC_MSGSEND = YES;
				ENABLE_TESTABILITY = YES;
				GCC_C_LANGUAGE_STANDARD = gnu11;
				GCC_DYNAMIC_NO_PIC = NO;
				GCC_NO_COMMON_BLOCKS = YES;
				GCC_OPTIMIZATION_LEVEL = 0;
				GCC_PREPROCESSOR_DEFINITIONS = (
					"DEBUG=1",
					"$(inherited)",
				);
				GCC_WARN_64_TO_32_BIT_CONVERSION = YES;
				GCC_WARN_ABOUT_RETURN_TYPE = YES_ERROR;
				GCC_WARN_UNDECLARED_SELECTOR = YES;
				GCC_WARN_UNINITIALIZED_AUTOS = YES_AGGRESSIVE;
				GCC_WARN_UNUSED_FUNCTION = YES;
				GCC_WARN_UNUSED_VARIABLE = YES;
				IPHONEOS_DEPLOYMENT_TARGET = 11.4;
				MTL_ENABLE_DEBUG_INFO = YES;
				ONLY_ACTIVE_ARCH = YES;
				SDKROOT = iphoneos;
				SWIFT_ACTIVE_COMPILATION_CONDITIONS = DEBUG;
				SWIFT_OPTIMIZATION_LEVEL = "-Onone";
			};
			name = Debug;
		};
		550995942157955700D377E5 /* Release */ = {
			isa = XCBuildConfiguration;
			buildSettings = {
				ALWAYS_SEARCH_USER_PATHS = NO;
				CLANG_ANALYZER_NONNULL = YES;
				CLANG_ANALYZER_NUMBER_OBJECT_CONVERSION = YES_AGGRESSIVE;
				CLANG_CXX_LANGUAGE_STANDARD = "gnu++14";
				CLANG_CXX_LIBRARY = "libc++";
				CLANG_ENABLE_MODULES = YES;
				CLANG_ENABLE_OBJC_ARC = YES;
				CLANG_ENABLE_OBJC_WEAK = YES;
				CLANG_WARN_BLOCK_CAPTURE_AUTORELEASING = YES;
				CLANG_WARN_BOOL_CONVERSION = YES;
				CLANG_WARN_COMMA = YES;
				CLANG_WARN_CONSTANT_CONVERSION = YES;
				CLANG_WARN_DEPRECATED_OBJC_IMPLEMENTATIONS = YES;
				CLANG_WARN_DIRECT_OBJC_ISA_USAGE = YES_ERROR;
				CLANG_WARN_DOCUMENTATION_COMMENTS = YES;
				CLANG_WARN_EMPTY_BODY = YES;
				CLANG_WARN_ENUM_CONVERSION = YES;
				CLANG_WARN_INFINITE_RECURSION = YES;
				CLANG_WARN_INT_CONVERSION = YES;
				CLANG_WARN_NON_LITERAL_NULL_CONVERSION = YES;
				CLANG_WARN_OBJC_IMPLICIT_RETAIN_SELF = YES;
				CLANG_WARN_OBJC_LITERAL_CONVERSION = YES;
				CLANG_WARN_OBJC_ROOT_CLASS = YES_ERROR;
				CLANG_WARN_RANGE_LOOP_ANALYSIS = YES;
				CLANG_WARN_STRICT_PROTOTYPES = YES;
				CLANG_WARN_SUSPICIOUS_MOVE = YES;
				CLANG_WARN_UNGUARDED_AVAILABILITY = YES_AGGRESSIVE;
				CLANG_WARN_UNREACHABLE_CODE = YES;
				CLANG_WARN__DUPLICATE_METHOD_MATCH = YES;
				CODE_SIGN_IDENTITY = "iPhone Developer";
				COPY_PHASE_STRIP = NO;
				DEBUG_INFORMATION_FORMAT = "dwarf-with-dsym";
				ENABLE_NS_ASSERTIONS = NO;
				ENABLE_STRICT_OBJC_MSGSEND = YES;
				GCC_C_LANGUAGE_STANDARD = gnu11;
				GCC_NO_COMMON_BLOCKS = YES;
				GCC_WARN_64_TO_32_BIT_CONVERSION = YES;
				GCC_WARN_ABOUT_RETURN_TYPE = YES_ERROR;
				GCC_WARN_UNDECLARED_SELECTOR = YES;
				GCC_WARN_UNINITIALIZED_AUTOS = YES_AGGRESSIVE;
				GCC_WARN_UNUSED_FUNCTION = YES;
				GCC_WARN_UNUSED_VARIABLE = YES;
				IPHONEOS_DEPLOYMENT_TARGET = 11.4;
				MTL_ENABLE_DEBUG_INFO = NO;
				SDKROOT = iphoneos;
				SWIFT_COMPILATION_MODE = wholemodule;
				SWIFT_OPTIMIZATION_LEVEL = "-O";
				VALIDATE_PRODUCT = YES;
			};
			name = Release;
		};
		550995962157955700D377E5 /* Debug */ = {
			isa = XCBuildConfiguration;
			buildSettings = {
				ASSETCATALOG_COMPILER_APPICON_NAME = AppIcon;
				CODE_SIGN_STYLE = Automatic;
				DEVELOPMENT_TEAM = YRDT5BG45Z;
				INFOPLIST_FILE = Chat/Info.plist;
				LD_RUNPATH_SEARCH_PATHS = (
					"$(inherited)",
					"@executable_path/Frameworks",
				);
				PRODUCT_BUNDLE_IDENTIFIER = ru.spbstu.hsse.Chat;
				PRODUCT_NAME = "$(TARGET_NAME)";
				SWIFT_VERSION = 4.0;
				TARGETED_DEVICE_FAMILY = 1;
			};
			name = Debug;
		};
		550995972157955700D377E5 /* Release */ = {
			isa = XCBuildConfiguration;
			buildSettings = {
				ASSETCATALOG_COMPILER_APPICON_NAME = AppIcon;
				CODE_SIGN_STYLE = Automatic;
				DEVELOPMENT_TEAM = YRDT5BG45Z;
				INFOPLIST_FILE = Chat/Info.plist;
				LD_RUNPATH_SEARCH_PATHS = (
					"$(inherited)",
					"@executable_path/Frameworks",
				);
				PRODUCT_BUNDLE_IDENTIFIER = ru.spbstu.hsse.Chat;
				PRODUCT_NAME = "$(TARGET_NAME)";
				SWIFT_VERSION = 4.0;
				TARGETED_DEVICE_FAMILY = 1;
			};
			name = Release;
		};
/* End XCBuildConfiguration section */

/* Begin XCConfigurationList section */
		5509957E2157955600D377E5 /* Build configuration list for PBXProject "Chat" */ = {
			isa = XCConfigurationList;
			buildConfigurations = (
				550995932157955700D377E5 /* Debug */,
				550995942157955700D377E5 /* Release */,
			);
			defaultConfigurationIsVisible = 0;
			defaultConfigurationName = Release;
		};
		550995952157955700D377E5 /* Build configuration list for PBXNativeTarget "Chat" */ = {
			isa = XCConfigurationList;
			buildConfigurations = (
				550995962157955700D377E5 /* Debug */,
				550995972157955700D377E5 /* Release */,
			);
			defaultConfigurationIsVisible = 0;
			defaultConfigurationName = Release;
		};
/* End XCConfigurationList section */
	};
	rootObject = 5509957B2157955600D377E5 /* Project object */;
}
